
Microsoft Visual Studio Solution File, Format Version 12.00
# Visual Studio 2012
Project("{8BC9CEB8-8B4A-11D0-8D11-00A0C91BC942}") = "Lab4", "Lab4\Lab4.vcxproj", "{B65154C0-8C15-4DB9-901E-52C02D2DB93A}"
EndProject
Global
	GlobalSection(SolutionConfigurationPlatforms) = preSolution
		Debug|Win32 = Debug|Win32
		Release|Win32 = Release|Win32
	EndGlobalSection
	GlobalSection(ProjectConfigurationPlatforms) = postSolution
		{B65154C0-8C15-4DB9-901E-52C02D2DB93A}.Debug|Win32.ActiveCfg = Debug|Win32
		{B65154C0-8C15-4DB9-901E-52C02D2DB93A}.Debug|Win32.Build.0 = Debug|Win32
		{B65154C0-8C15-4DB9-901E-52C02D2DB93A}.Release|Win32.ActiveCfg = Release|Win32
		{B65154C0-8C15-4DB9-901E-52C02D2DB93A}.Release|Win32.Build.0 = Release|Win32
	EndGlobalSection
	GlobalSection(SolutionProperties) = preSolution
		HideSolutionNode = FALSE
	EndGlobalSection
EndGlobal
